// !$*UTF8*$!
{
	archiveVersion = 1;
	classes = {
	};
	objectVersion = 46;
	objects = {

/* Begin PBXBuildFile section */
		272356D91F235879007E6C38 /* AppDelegate.swift in Sources */ = {isa = PBXBuildFile; fileRef = 272356D81F235879007E6C38 /* AppDelegate.swift */; };
		272356DB1F235879007E6C38 /* ViewController.swift in Sources */ = {isa = PBXBuildFile; fileRef = 272356DA1F235879007E6C38 /* ViewController.swift */; };
		272356DE1F235879007E6C38 /* Main.storyboard in Resources */ = {isa = PBXBuildFile; fileRef = 272356DC1F235879007E6C38 /* Main.storyboard */; };
		272356E01F235879007E6C38 /* Assets.xcassets in Resources */ = {isa = PBXBuildFile; fileRef = 272356DF1F235879007E6C38 /* Assets.xcassets */; };
		272356E31F235879007E6C38 /* LaunchScreen.storyboard in Resources */ = {isa = PBXBuildFile; fileRef = 272356E11F235879007E6C38 /* LaunchScreen.storyboard */; };
		272356EE1F235879007E6C38 /* BucketlistsTests.swift in Sources */ = {isa = PBXBuildFile; fileRef = 272356ED1F235879007E6C38 /* BucketlistsTests.swift */; };
		272356F91F235879007E6C38 /* BucketlistsUITests.swift in Sources */ = {isa = PBXBuildFile; fileRef = 272356F81F235879007E6C38 /* BucketlistsUITests.swift */; };
/* End PBXBuildFile section */

/* Begin PBXContainerItemProxy section */
		272356EA1F235879007E6C38 /* PBXContainerItemProxy */ = {
			isa = PBXContainerItemProxy;
			containerPortal = 272356CD1F235879007E6C38 /* Project object */;
			proxyType = 1;
			remoteGlobalIDString = 272356D41F235879007E6C38;
			remoteInfo = Bucketlists;
		};
		272356F51F235879007E6C38 /* PBXContainerItemProxy */ = {
			isa = PBXContainerItemProxy;
			containerPortal = 272356CD1F235879007E6C38 /* Project object */;
			proxyType = 1;
			remoteGlobalIDString = 272356D41F235879007E6C38;
			remoteInfo = Bucketlists;
		};
/* End PBXContainerItemProxy section */

/* Begin PBXFileReference section */
		272356D51F235879007E6C38 /* Bucketlists.app */ = {isa = PBXFileReference; explicitFileType = wrapper.application; includeInIndex = 0; path = Bucketlists.app; sourceTree = BUILT_PRODUCTS_DIR; };
		272356D81F235879007E6C38 /* AppDelegate.swift */ = {isa = PBXFileReference; lastKnownFileType = sourcecode.swift; path = AppDelegate.swift; sourceTree = "<group>"; };
		272356DA1F235879007E6C38 /* ViewController.swift */ = {isa = PBXFileReference; lastKnownFileType = sourcecode.swift; path = ViewController.swift; sourceTree = "<group>"; };
		272356DD1F235879007E6C38 /* Base */ = {isa = PBXFileReference; lastKnownFileType = file.storyboard; name = Base; path = Base.lproj/Main.storyboard; sourceTree = "<group>"; };
		272356DF1F235879007E6C38 /* Assets.xcassets */ = {isa = PBXFileReference; lastKnownFileType = folder.assetcatalog; path = Assets.xcassets; sourceTree = "<group>"; };
		272356E21F235879007E6C38 /* Base */ = {isa = PBXFileReference; lastKnownFileType = file.storyboard; name = Base; path = Base.lproj/LaunchScreen.storyboard; sourceTree = "<group>"; };
		272356E41F235879007E6C38 /* Info.plist */ = {isa = PBXFileReference; lastKnownFileType = text.plist.xml; path = Info.plist; sourceTree = "<group>"; };
		272356E91F235879007E6C38 /* BucketlistsTests.xctest */ = {isa = PBXFileReference; explicitFileType = wrapper.cfbundle; includeInIndex = 0; path = BucketlistsTests.xctest; sourceTree = BUILT_PRODUCTS_DIR; };
		272356ED1F235879007E6C38 /* BucketlistsTests.swift */ = {isa = PBXFileReference; lastKnownFileType = sourcecode.swift; path = BucketlistsTests.swift; sourceTree = "<group>"; };
		272356EF1F235879007E6C38 /* Info.plist */ = {isa = PBXFileReference; lastKnownFileType = text.plist.xml; path = Info.plist; sourceTree = "<group>"; };
		272356F41F235879007E6C38 /* BucketlistsUITests.xctest */ = {isa = PBXFileReference; explicitFileType = wrapper.cfbundle; includeInIndex = 0; path = BucketlistsUITests.xctest; sourceTree = BUILT_PRODUCTS_DIR; };
		272356F81F235879007E6C38 /* BucketlistsUITests.swift */ = {isa = PBXFileReference; lastKnownFileType = sourcecode.swift; path = BucketlistsUITests.swift; sourceTree = "<group>"; };
		272356FA1F235879007E6C38 /* Info.plist */ = {isa = PBXFileReference; lastKnownFileType = text.plist.xml; path = Info.plist; sourceTree = "<group>"; };
/* End PBXFileReference section */

/* Begin PBXFrameworksBuildPhase section */
		272356D21F235879007E6C38 /* Frameworks */ = {
			isa = PBXFrameworksBuildPhase;
			buildActionMask = 2147483647;
			files = (
			);
			runOnlyForDeploymentPostprocessing = 0;
		};
		272356E61F235879007E6C38 /* Frameworks */ = {
			isa = PBXFrameworksBuildPhase;
			buildActionMask = 2147483647;
			files = (
			);
			runOnlyForDeploymentPostprocessing = 0;
		};
		272356F11F235879007E6C38 /* Frameworks */ = {
			isa = PBXFrameworksBuildPhase;
			buildActionMask = 2147483647;
			files = (
			);
			runOnlyForDeploymentPostprocessing = 0;
		};
/* End PBXFrameworksBuildPhase section */

/* Begin PBXGroup section */
		272356CC1F235879007E6C38 = {
			isa = PBXGroup;
			children = (
				272356D71F235879007E6C38 /* Bucketlists */,
				272356EC1F235879007E6C38 /* BucketlistsTests */,
				272356F71F235879007E6C38 /* BucketlistsUITests */,
				272356D61F235879007E6C38 /* Products */,
			);
			sourceTree = "<group>";
		};
		272356D61F235879007E6C38 /* Products */ = {
			isa = PBXGroup;
			children = (
				272356D51F235879007E6C38 /* Bucketlists.app */,
				272356E91F235879007E6C38 /* BucketlistsTests.xctest */,
				272356F41F235879007E6C38 /* BucketlistsUITests.xctest */,
			);
			name = Products;
			sourceTree = "<group>";
		};
		272356D71F235879007E6C38 /* Bucketlists */ = {
			isa = PBXGroup;
			children = (
				272356D81F235879007E6C38 /* AppDelegate.swift */,
				272356DA1F235879007E6C38 /* ViewController.swift */,
				272356DC1F235879007E6C38 /* Main.storyboard */,
				272356DF1F235879007E6C38 /* Assets.xcassets */,
				272356E11F235879007E6C38 /* LaunchScreen.storyboard */,
				272356E41F235879007E6C38 /* Info.plist */,
			);
			path = Bucketlists;
			sourceTree = "<group>";
		};
		272356EC1F235879007E6C38 /* BucketlistsTests */ = {
			isa = PBXGroup;
			children = (
				272356ED1F235879007E6C38 /* BucketlistsTests.swift */,
				272356EF1F235879007E6C38 /* Info.plist */,
			);
			path = BucketlistsTests;
			sourceTree = "<group>";
		};
		272356F71F235879007E6C38 /* BucketlistsUITests */ = {
			isa = PBXGroup;
			children = (
				272356F81F235879007E6C38 /* BucketlistsUITests.swift */,
				272356FA1F235879007E6C38 /* Info.plist */,
			);
			path = BucketlistsUITests;
			sourceTree = "<group>";
		};
/* End PBXGroup section */

/* Begin PBXNativeTarget section */
		272356D41F235879007E6C38 /* Bucketlists */ = {
			isa = PBXNativeTarget;
			buildConfigurationList = 272356FD1F235879007E6C38 /* Build configuration list for PBXNativeTarget "Bucketlists" */;
			buildPhases = (
				272356D11F235879007E6C38 /* Sources */,
				272356D21F235879007E6C38 /* Frameworks */,
				272356D31F235879007E6C38 /* Resources */,
			);
			buildRules = (
			);
			dependencies = (
			);
			name = Bucketlists;
			productName = Bucketlists;
			productReference = 272356D51F235879007E6C38 /* Bucketlists.app */;
			productType = "com.apple.product-type.application";
		};
		272356E81F235879007E6C38 /* BucketlistsTests */ = {
			isa = PBXNativeTarget;
			buildConfigurationList = 272357001F235879007E6C38 /* Build configuration list for PBXNativeTarget "BucketlistsTests" */;
			buildPhases = (
				272356E51F235879007E6C38 /* Sources */,
				272356E61F235879007E6C38 /* Frameworks */,
				272356E71F235879007E6C38 /* Resources */,
			);
			buildRules = (
			);
			dependencies = (
				272356EB1F235879007E6C38 /* PBXTargetDependency */,
			);
			name = BucketlistsTests;
			productName = BucketlistsTests;
			productReference = 272356E91F235879007E6C38 /* BucketlistsTests.xctest */;
			productType = "com.apple.product-type.bundle.unit-test";
		};
		272356F31F235879007E6C38 /* BucketlistsUITests */ = {
			isa = PBXNativeTarget;
			buildConfigurationList = 272357031F235879007E6C38 /* Build configuration list for PBXNativeTarget "BucketlistsUITests" */;
			buildPhases = (
				272356F01F235879007E6C38 /* Sources */,
				272356F11F235879007E6C38 /* Frameworks */,
				272356F21F235879007E6C38 /* Resources */,
			);
			buildRules = (
			);
			dependencies = (
				272356F61F235879007E6C38 /* PBXTargetDependency */,
			);
			name = BucketlistsUITests;
			productName = BucketlistsUITests;
			productReference = 272356F41F235879007E6C38 /* BucketlistsUITests.xctest */;
			productType = "com.apple.product-type.bundle.ui-testing";
		};
/* End PBXNativeTarget section */

/* Begin PBXProject section */
		272356CD1F235879007E6C38 /* Project object */ = {
			isa = PBXProject;
			attributes = {
				LastSwiftUpdateCheck = 0830;
				LastUpgradeCheck = 0830;
				ORGANIZATIONNAME = "david mukiibi";
				TargetAttributes = {
					272356D41F235879007E6C38 = {
						CreatedOnToolsVersion = 8.3.2;
						ProvisioningStyle = Automatic;
					};
					272356E81F235879007E6C38 = {
						CreatedOnToolsVersion = 8.3.2;
						ProvisioningStyle = Automatic;
						TestTargetID = 272356D41F235879007E6C38;
					};
					272356F31F235879007E6C38 = {
						CreatedOnToolsVersion = 8.3.2;
						ProvisioningStyle = Automatic;
						TestTargetID = 272356D41F235879007E6C38;
					};
				};
			};
			buildConfigurationList = 272356D01F235879007E6C38 /* Build configuration list for PBXProject "Bucketlists" */;
			compatibilityVersion = "Xcode 3.2";
			developmentRegion = English;
			hasScannedForEncodings = 0;
			knownRegions = (
				en,
				Base,
			);
			mainGroup = 272356CC1F235879007E6C38;
			productRefGroup = 272356D61F235879007E6C38 /* Products */;
			projectDirPath = "";
			projectRoot = "";
			targets = (
				272356D41F235879007E6C38 /* Bucketlists */,
				272356E81F235879007E6C38 /* BucketlistsTests */,
				272356F31F235879007E6C38 /* BucketlistsUITests */,
			);
		};
/* End PBXProject section */

/* Begin PBXResourcesBuildPhase section */
		272356D31F235879007E6C38 /* Resources */ = {
			isa = PBXResourcesBuildPhase;
			buildActionMask = 2147483647;
			files = (
				272356E31F235879007E6C38 /* LaunchScreen.storyboard in Resources */,
				272356E01F235879007E6C38 /* Assets.xcassets in Resources */,
				272356DE1F235879007E6C38 /* Main.storyboard in Resources */,
			);
			runOnlyForDeploymentPostprocessing = 0;
		};
		272356E71F235879007E6C38 /* Resources */ = {
			isa = PBXResourcesBuildPhase;
			buildActionMask = 2147483647;
			files = (
			);
			runOnlyForDeploymentPostprocessing = 0;
		};
		272356F21F235879007E6C38 /* Resources */ = {
			isa = PBXResourcesBuildPhase;
			buildActionMask = 2147483647;
			files = (
			);
			runOnlyForDeploymentPostprocessing = 0;
		};
/* End PBXResourcesBuildPhase section */

/* Begin PBXSourcesBuildPhase section */
		272356D11F235879007E6C38 /* Sources */ = {
			isa = PBXSourcesBuildPhase;
			buildActionMask = 2147483647;
			files = (
				272356DB1F235879007E6C38 /* ViewController.swift in Sources */,
				272356D91F235879007E6C38 /* AppDelegate.swift in Sources */,
			);
			runOnlyForDeploymentPostprocessing = 0;
		};
		272356E51F235879007E6C38 /* Sources */ = {
			isa = PBXSourcesBuildPhase;
			buildActionMask = 2147483647;
			files = (
				272356EE1F235879007E6C38 /* BucketlistsTests.swift in Sources */,
			);
			runOnlyForDeploymentPostprocessing = 0;
		};
		272356F01F235879007E6C38 /* Sources */ = {
			isa = PBXSourcesBuildPhase;
			buildActionMask = 2147483647;
			files = (
				272356F91F235879007E6C38 /* BucketlistsUITests.swift in Sources */,
			);
			runOnlyForDeploymentPostprocessing = 0;
		};
/* End PBXSourcesBuildPhase section */

/* Begin PBXTargetDependency section */
		272356EB1F235879007E6C38 /* PBXTargetDependency */ = {
			isa = PBXTargetDependency;
			target = 272356D41F235879007E6C38 /* Bucketlists */;
			targetProxy = 272356EA1F235879007E6C38 /* PBXContainerItemProxy */;
		};
		272356F61F235879007E6C38 /* PBXTargetDependency */ = {
			isa = PBXTargetDependency;
			target = 272356D41F235879007E6C38 /* Bucketlists */;
			targetProxy = 272356F51F235879007E6C38 /* PBXContainerItemProxy */;
		};
/* End PBXTargetDependency section */

/* Begin PBXVariantGroup section */
		272356DC1F235879007E6C38 /* Main.storyboard */ = {
			isa = PBXVariantGroup;
			children = (
				272356DD1F235879007E6C38 /* Base */,
			);
			name = Main.storyboard;
			sourceTree = "<group>";
		};
		272356E11F235879007E6C38 /* LaunchScreen.storyboard */ = {
			isa = PBXVariantGroup;
			children = (
				272356E21F235879007E6C38 /* Base */,
			);
			name = LaunchScreen.storyboard;
			sourceTree = "<group>";
		};
/* End PBXVariantGroup section */

/* Begin XCBuildConfiguration section */
		272356FB1F235879007E6C38 /* Debug */ = {
			isa = XCBuildConfiguration;
			buildSettings = {
				ALWAYS_SEARCH_USER_PATHS = NO;
				CLANG_ANALYZER_NONNULL = YES;
				CLANG_ANALYZER_NUMBER_OBJECT_CONVERSION = YES_AGGRESSIVE;
				CLANG_CXX_LANGUAGE_STANDARD = "gnu++0x";
				CLANG_CXX_LIBRARY = "libc++";
				CLANG_ENABLE_MODULES = YES;
				CLANG_ENABLE_OBJC_ARC = YES;
				CLANG_WARN_BOOL_CONVERSION = YES;
				CLANG_WARN_CONSTANT_CONVERSION = YES;
				CLANG_WARN_DIRECT_OBJC_ISA_USAGE = YES_ERROR;
				CLANG_WARN_DOCUMENTATION_COMMENTS = YES;
				CLANG_WARN_EMPTY_BODY = YES;
				CLANG_WARN_ENUM_CONVERSION = YES;
				CLANG_WARN_INFINITE_RECURSION = YES;
				CLANG_WARN_INT_CONVERSION = YES;
				CLANG_WARN_OBJC_ROOT_CLASS = YES_ERROR;
				CLANG_WARN_SUSPICIOUS_MOVE = YES;
				CLANG_WARN_UNREACHABLE_CODE = YES;
				CLANG_WARN__DUPLICATE_METHOD_MATCH = YES;
				"CODE_SIGN_IDENTITY[sdk=iphoneos*]" = "iPhone Developer";
				COPY_PHASE_STRIP = NO;
				DEBUG_INFORMATION_FORMAT = dwarf;
				ENABLE_STRICT_OBJC_MSGSEND = YES;
				ENABLE_TESTABILITY = YES;
				GCC_C_LANGUAGE_STANDARD = gnu99;
				GCC_DYNAMIC_NO_PIC = NO;
				GCC_NO_COMMON_BLOCKS = YES;
				GCC_OPTIMIZATION_LEVEL = 0;
				GCC_PREPROCESSOR_DEFINITIONS = (
					"DEBUG=1",
					"$(inherited)",
				);
				GCC_WARN_64_TO_32_BIT_CONVERSION = YES;
				GCC_WARN_ABOUT_RETURN_TYPE = YES_ERROR;
				GCC_WARN_UNDECLARED_SELECTOR = YES;
				GCC_WARN_UNINITIALIZED_AUTOS = YES_AGGRESSIVE;
				GCC_WARN_UNUSED_FUNCTION = YES;
				GCC_WARN_UNUSED_VARIABLE = YES;
				IPHONEOS_DEPLOYMENT_TARGET = 10.3;
				MTL_ENABLE_DEBUG_INFO = YES;
				ONLY_ACTIVE_ARCH = YES;
				SDKROOT = iphoneos;
				SWIFT_ACTIVE_COMPILATION_CONDITIONS = DEBUG;
				SWIFT_OPTIMIZATION_LEVEL = "-Onone";
			};
			name = Debug;
		};
		272356FC1F235879007E6C38 /* Release */ = {
			isa = XCBuildConfiguration;
			buildSettings = {
				ALWAYS_SEARCH_USER_PATHS = NO;
				CLANG_ANALYZER_NONNULL = YES;
				CLANG_ANALYZER_NUMBER_OBJECT_CONVERSION = YES_AGGRESSIVE;
				CLANG_CXX_LANGUAGE_STANDARD = "gnu++0x";
				CLANG_CXX_LIBRARY = "libc++";
				CLANG_ENABLE_MODULES = YES;
				CLANG_ENABLE_OBJC_ARC = YES;
				CLANG_WARN_BOOL_CONVERSION = YES;
				CLANG_WARN_CONSTANT_CONVERSION = YES;
				CLANG_WARN_DIRECT_OBJC_ISA_USAGE = YES_ERROR;
				CLANG_WARN_DOCUMENTATION_COMMENTS = YES;
				CLANG_WARN_EMPTY_BODY = YES;
				CLANG_WARN_ENUM_CONVERSION = YES;
				CLANG_WARN_INFINITE_RECURSION = YES;
				CLANG_WARN_INT_CONVERSION = YES;
				CLANG_WARN_OBJC_ROOT_CLASS = YES_ERROR;
				CLANG_WARN_SUSPICIOUS_MOVE = YES;
				CLANG_WARN_UNREACHABLE_CODE = YES;
				CLANG_WARN__DUPLICATE_METHOD_MATCH = YES;
				"CODE_SIGN_IDENTITY[sdk=iphoneos*]" = "iPhone Developer";
				COPY_PHASE_STRIP = NO;
				DEBUG_INFORMATION_FORMAT = "dwarf-with-dsym";
				ENABLE_NS_ASSERTIONS = NO;
				ENABLE_STRICT_OBJC_MSGSEND = YES;
				GCC_C_LANGUAGE_STANDARD = gnu99;
				GCC_NO_COMMON_BLOCKS = YES;
				GCC_WARN_64_TO_32_BIT_CONVERSION = YES;
				GCC_WARN_ABOUT_RETURN_TYPE = YES_ERROR;
				GCC_WARN_UNDECLARED_SELECTOR = YES;
				GCC_WARN_UNINITIALIZED_AUTOS = YES_AGGRESSIVE;
				GCC_WARN_UNUSED_FUNCTION = YES;
				GCC_WARN_UNUSED_VARIABLE = YES;
				IPHONEOS_DEPLOYMENT_TARGET = 10.3;
				MTL_ENABLE_DEBUG_INFO = NO;
				SDKROOT = iphoneos;
				SWIFT_OPTIMIZATION_LEVEL = "-Owholemodule";
				VALIDATE_PRODUCT = YES;
			};
			name = Release;
		};
		272356FE1F235879007E6C38 /* Debug */ = {
			isa = XCBuildConfiguration;
			buildSettings = {
				ASSETCATALOG_COMPILER_APPICON_NAME = AppIcon;
				INFOPLIST_FILE = Bucketlists/Info.plist;
				LD_RUNPATH_SEARCH_PATHS = "$(inherited) @executable_path/Frameworks";
				PRODUCT_BUNDLE_IDENTIFIER = com.david.mukiibi.Bucketlists;
				PRODUCT_NAME = "$(TARGET_NAME)";
				SWIFT_VERSION = 3.0;
			};
			name = Debug;
		};
		272356FF1F235879007E6C38 /* Release */ = {
			isa = XCBuildConfiguration;
			buildSettings = {
				ASSETCATALOG_COMPILER_APPICON_NAME = AppIcon;
				INFOPLIST_FILE = Bucketlists/Info.plist;
				LD_RUNPATH_SEARCH_PATHS = "$(inherited) @executable_path/Frameworks";
				PRODUCT_BUNDLE_IDENTIFIER = com.david.mukiibi.Bucketlists;
				PRODUCT_NAME = "$(TARGET_NAME)";
				SWIFT_VERSION = 3.0;
			};
			name = Release;
		};
		272357011F235879007E6C38 /* Debug */ = {
			isa = XCBuildConfiguration;
			buildSettings = {
				ALWAYS_EMBED_SWIFT_STANDARD_LIBRARIES = YES;
				BUNDLE_LOADER = "$(TEST_HOST)";
				INFOPLIST_FILE = BucketlistsTests/Info.plist;
				LD_RUNPATH_SEARCH_PATHS = "$(inherited) @executable_path/Frameworks @loader_path/Frameworks";
				PRODUCT_BUNDLE_IDENTIFIER = com.david.mukiibi.BucketlistsTests;
				PRODUCT_NAME = "$(TARGET_NAME)";
				SWIFT_VERSION = 3.0;
				TEST_HOST = "$(BUILT_PRODUCTS_DIR)/Bucketlists.app/Bucketlists";
			};
			name = Debug;
		};
		272357021F235879007E6C38 /* Release */ = {
			isa = XCBuildConfiguration;
			buildSettings = {
				ALWAYS_EMBED_SWIFT_STANDARD_LIBRARIES = YES;
				BUNDLE_LOADER = "$(TEST_HOST)";
				INFOPLIST_FILE = BucketlistsTests/Info.plist;
				LD_RUNPATH_SEARCH_PATHS = "$(inherited) @executable_path/Frameworks @loader_path/Frameworks";
				PRODUCT_BUNDLE_IDENTIFIER = com.david.mukiibi.BucketlistsTests;
				PRODUCT_NAME = "$(TARGET_NAME)";
				SWIFT_VERSION = 3.0;
				TEST_HOST = "$(BUILT_PRODUCTS_DIR)/Bucketlists.app/Bucketlists";
			};
			name = Release;
		};
		272357041F235879007E6C38 /* Debug */ = {
			isa = XCBuildConfiguration;
			buildSettings = {
				ALWAYS_EMBED_SWIFT_STANDARD_LIBRARIES = YES;
				INFOPLIST_FILE = BucketlistsUITests/Info.plist;
				LD_RUNPATH_SEARCH_PATHS = "$(inherited) @executable_path/Frameworks @loader_path/Frameworks";
				PRODUCT_BUNDLE_IDENTIFIER = com.david.mukiibi.BucketlistsUITests;
				PRODUCT_NAME = "$(TARGET_NAME)";
				SWIFT_VERSION = 3.0;
				TEST_TARGET_NAME = Bucketlists;
			};
			name = Debug;
		};
		272357051F235879007E6C38 /* Release */ = {
			isa = XCBuildConfiguration;
			buildSettings = {
				ALWAYS_EMBED_SWIFT_STANDARD_LIBRARIES = YES;
				INFOPLIST_FILE = BucketlistsUITests/Info.plist;
				LD_RUNPATH_SEARCH_PATHS = "$(inherited) @executable_path/Frameworks @loader_path/Frameworks";
				PRODUCT_BUNDLE_IDENTIFIER = com.david.mukiibi.BucketlistsUITests;
				PRODUCT_NAME = "$(TARGET_NAME)";
				SWIFT_VERSION = 3.0;
				TEST_TARGET_NAME = Bucketlists;
			};
			name = Release;
		};
/* End XCBuildConfiguration section */

/* Begin XCConfigurationList section */
		272356D01F235879007E6C38 /* Build configuration list for PBXProject "Bucketlists" */ = {
			isa = XCConfigurationList;
			buildConfigurations = (
				272356FB1F235879007E6C38 /* Debug */,
				272356FC1F235879007E6C38 /* Release */,
			);
			defaultConfigurationIsVisible = 0;
			defaultConfigurationName = Release;
		};
		272356FD1F235879007E6C38 /* Build configuration list for PBXNativeTarget "Bucketlists" */ = {
			isa = XCConfigurationList;
			buildConfigurations = (
				272356FE1F235879007E6C38 /* Debug */,
				272356FF1F235879007E6C38 /* Release */,
			);
			defaultConfigurationIsVisible = 0;
		};
		272357001F235879007E6C38 /* Build configuration list for PBXNativeTarget "BucketlistsTests" */ = {
			isa = XCConfigurationList;
			buildConfigurations = (
				272357011F235879007E6C38 /* Debug */,
				272357021F235879007E6C38 /* Release */,
			);
			defaultConfigurationIsVisible = 0;
		};
		272357031F235879007E6C38 /* Build configuration list for PBXNativeTarget "BucketlistsUITests" */ = {
			isa = XCConfigurationList;
			buildConfigurations = (
				272357041F235879007E6C38 /* Debug */,
				272357051F235879007E6C38 /* Release */,
			);
			defaultConfigurationIsVisible = 0;
		};
/* End XCConfigurationList section */
	};
	rootObject = 272356CD1F235879007E6C38 /* Project object */;
}
